
Microsoft Visual Studio Solution File, Format Version 12.00
# Visual Studio Version 17
VisualStudioVersion = 17.14.36511.14 d17.14
MinimumVisualStudioVersion = 10.0.40219.1
Project("{FAE04EC0-301F-11D3-BF4B-00C04F79EFBC}") = "StudentApp", "StudentApp\StudentApp.csproj", "{1B52CC00-B8AB-4065-838E-94AFE74B763E}"
EndProject
Global
	GlobalSection(SolutionConfigurationPlatforms) = preSolution
		Debug|Any CPU = Debug|Any CPU
		Release|Any CPU = Release|Any CPU
	EndGlobalSection
	GlobalSection(ProjectConfigurationPlatforms) = postSolution
		{1B52CC00-B8AB-4065-838E-94AFE74B763E}.Debug|Any CPU.ActiveCfg = Debug|Any CPU
		{1B52CC00-B8AB-4065-838E-94AFE74B763E}.Debug|Any CPU.Build.0 = Debug|Any CPU
		{1B52CC00-B8AB-4065-838E-94AFE74B763E}.Release|Any CPU.ActiveCfg = Release|Any CPU
		{1B52CC00-B8AB-4065-838E-94AFE74B763E}.Release|Any CPU.Build.0 = Release|Any CPU
	EndGlobalSection
	GlobalSection(SolutionProperties) = preSolution
		HideSolutionNode = FALSE
	EndGlobalSection
	GlobalSection(ExtensibilityGlobals) = postSolution
		SolutionGuid = {250E0373-D343-4665-A36E-CEFD12AFAFA1}
	EndGlobalSection
EndGlobal
